// !$*UTF8*$!
{
	archiveVersion = 1;
	classes = {
	};
	objectVersion = 50;
	objects = {

/* Begin PBXBuildFile section */
		1D71796D16A988CA07C167AD /* Pods_InstagramTests.framework in Frameworks */ = {isa = PBXBuildFile; fileRef = F28B95C459C05CF57024CBE5 /* Pods_InstagramTests.framework */; };
		66A0B839A56BB95C0FCC528E /* Pods_InstagramUITests.framework in Frameworks */ = {isa = PBXBuildFile; fileRef = 43DBC3EDEF4705F0F954C8BD /* Pods_InstagramUITests.framework */; };
		B81EAF37D35E91C0A57B002F /* Pods_Instagram.framework in Frameworks */ = {isa = PBXBuildFile; fileRef = DE3858DF775A47CAEDFDA1D5 /* Pods_Instagram.framework */; };
		C1C1887C22D3F59500A17272 /* AppDelegate.m in Sources */ = {isa = PBXBuildFile; fileRef = C1C1887B22D3F59500A17272 /* AppDelegate.m */; };
		C1C1887F22D3F59600A17272 /* ViewController.m in Sources */ = {isa = PBXBuildFile; fileRef = C1C1887E22D3F59600A17272 /* ViewController.m */; };
		C1C1888222D3F59600A17272 /* Main.storyboard in Resources */ = {isa = PBXBuildFile; fileRef = C1C1888022D3F59600A17272 /* Main.storyboard */; };
		C1C1888422D3F59600A17272 /* Assets.xcassets in Resources */ = {isa = PBXBuildFile; fileRef = C1C1888322D3F59600A17272 /* Assets.xcassets */; };
		C1C1888722D3F59600A17272 /* LaunchScreen.storyboard in Resources */ = {isa = PBXBuildFile; fileRef = C1C1888522D3F59600A17272 /* LaunchScreen.storyboard */; };
		C1C1888A22D3F59600A17272 /* main.m in Sources */ = {isa = PBXBuildFile; fileRef = C1C1888922D3F59600A17272 /* main.m */; };
		C1C1889422D3F59600A17272 /* InstagramTests.m in Sources */ = {isa = PBXBuildFile; fileRef = C1C1889322D3F59600A17272 /* InstagramTests.m */; };
		C1C1889F22D3F59600A17272 /* InstagramUITests.m in Sources */ = {isa = PBXBuildFile; fileRef = C1C1889E22D3F59600A17272 /* InstagramUITests.m */; };
/* End PBXBuildFile section */

/* Begin PBXContainerItemProxy section */
		C1C1889022D3F59600A17272 /* PBXContainerItemProxy */ = {
			isa = PBXContainerItemProxy;
			containerPortal = C1C1886F22D3F59500A17272 /* Project object */;
			proxyType = 1;
			remoteGlobalIDString = C1C1887622D3F59500A17272;
			remoteInfo = Instagram;
		};
		C1C1889B22D3F59600A17272 /* PBXContainerItemProxy */ = {
			isa = PBXContainerItemProxy;
			containerPortal = C1C1886F22D3F59500A17272 /* Project object */;
			proxyType = 1;
			remoteGlobalIDString = C1C1887622D3F59500A17272;
			remoteInfo = Instagram;
		};
/* End PBXContainerItemProxy section */

/* Begin PBXFileReference section */
		051EF72ED900B01B3D387A44 /* Pods-Instagram.debug.xcconfig */ = {isa = PBXFileReference; includeInIndex = 1; lastKnownFileType = text.xcconfig; name = "Pods-Instagram.debug.xcconfig"; path = "Target Support Files/Pods-Instagram/Pods-Instagram.debug.xcconfig"; sourceTree = "<group>"; };
		0BBE4C255B1AF5EA6309BDD9 /* Pods-InstagramTests.release.xcconfig */ = {isa = PBXFileReference; includeInIndex = 1; lastKnownFileType = text.xcconfig; name = "Pods-InstagramTests.release.xcconfig"; path = "Target Support Files/Pods-InstagramTests/Pods-InstagramTests.release.xcconfig"; sourceTree = "<group>"; };
		2F02298BBD9C8953F2965BB8 /* Pods-InstagramTests.debug.xcconfig */ = {isa = PBXFileReference; includeInIndex = 1; lastKnownFileType = text.xcconfig; name = "Pods-InstagramTests.debug.xcconfig"; path = "Target Support Files/Pods-InstagramTests/Pods-InstagramTests.debug.xcconfig"; sourceTree = "<group>"; };
		43DBC3EDEF4705F0F954C8BD /* Pods_InstagramUITests.framework */ = {isa = PBXFileReference; explicitFileType = wrapper.framework; includeInIndex = 0; path = Pods_InstagramUITests.framework; sourceTree = BUILT_PRODUCTS_DIR; };
		744B4A132EFE7B0B6A5B165A /* Pods-InstagramUITests.release.xcconfig */ = {isa = PBXFileReference; includeInIndex = 1; lastKnownFileType = text.xcconfig; name = "Pods-InstagramUITests.release.xcconfig"; path = "Target Support Files/Pods-InstagramUITests/Pods-InstagramUITests.release.xcconfig"; sourceTree = "<group>"; };
		8A32FFA57E7BCD117A05DA1B /* Pods-InstagramUITests.debug.xcconfig */ = {isa = PBXFileReference; includeInIndex = 1; lastKnownFileType = text.xcconfig; name = "Pods-InstagramUITests.debug.xcconfig"; path = "Target Support Files/Pods-InstagramUITests/Pods-InstagramUITests.debug.xcconfig"; sourceTree = "<group>"; };
		C1C1887722D3F59500A17272 /* Instagram.app */ = {isa = PBXFileReference; explicitFileType = wrapper.application; includeInIndex = 0; path = Instagram.app; sourceTree = BUILT_PRODUCTS_DIR; };
		C1C1887A22D3F59500A17272 /* AppDelegate.h */ = {isa = PBXFileReference; lastKnownFileType = sourcecode.c.h; path = AppDelegate.h; sourceTree = "<group>"; };
		C1C1887B22D3F59500A17272 /* AppDelegate.m */ = {isa = PBXFileReference; lastKnownFileType = sourcecode.c.objc; path = AppDelegate.m; sourceTree = "<group>"; };
		C1C1887D22D3F59500A17272 /* ViewController.h */ = {isa = PBXFileReference; lastKnownFileType = sourcecode.c.h; path = ViewController.h; sourceTree = "<group>"; };
		C1C1887E22D3F59600A17272 /* ViewController.m */ = {isa = PBXFileReference; lastKnownFileType = sourcecode.c.objc; path = ViewController.m; sourceTree = "<group>"; };
		C1C1888122D3F59600A17272 /* Base */ = {isa = PBXFileReference; lastKnownFileType = file.storyboard; name = Base; path = Base.lproj/Main.storyboard; sourceTree = "<group>"; };
		C1C1888322D3F59600A17272 /* Assets.xcassets */ = {isa = PBXFileReference; lastKnownFileType = folder.assetcatalog; path = Assets.xcassets; sourceTree = "<group>"; };
		C1C1888622D3F59600A17272 /* Base */ = {isa = PBXFileReference; lastKnownFileType = file.storyboard; name = Base; path = Base.lproj/LaunchScreen.storyboard; sourceTree = "<group>"; };
		C1C1888822D3F59600A17272 /* Info.plist */ = {isa = PBXFileReference; lastKnownFileType = text.plist.xml; path = Info.plist; sourceTree = "<group>"; };
		C1C1888922D3F59600A17272 /* main.m */ = {isa = PBXFileReference; lastKnownFileType = sourcecode.c.objc; path = main.m; sourceTree = "<group>"; };
		C1C1888F22D3F59600A17272 /* InstagramTests.xctest */ = {isa = PBXFileReference; explicitFileType = wrapper.cfbundle; includeInIndex = 0; path = InstagramTests.xctest; sourceTree = BUILT_PRODUCTS_DIR; };
		C1C1889322D3F59600A17272 /* InstagramTests.m */ = {isa = PBXFileReference; lastKnownFileType = sourcecode.c.objc; path = InstagramTests.m; sourceTree = "<group>"; };
		C1C1889522D3F59600A17272 /* Info.plist */ = {isa = PBXFileReference; lastKnownFileType = text.plist.xml; path = Info.plist; sourceTree = "<group>"; };
		C1C1889A22D3F59600A17272 /* InstagramUITests.xctest */ = {isa = PBXFileReference; explicitFileType = wrapper.cfbundle; includeInIndex = 0; path = InstagramUITests.xctest; sourceTree = BUILT_PRODUCTS_DIR; };
		C1C1889E22D3F59600A17272 /* InstagramUITests.m */ = {isa = PBXFileReference; lastKnownFileType = sourcecode.c.objc; path = InstagramUITests.m; sourceTree = "<group>"; };
		C1C188A022D3F59600A17272 /* Info.plist */ = {isa = PBXFileReference; lastKnownFileType = text.plist.xml; path = Info.plist; sourceTree = "<group>"; };
		DE3858DF775A47CAEDFDA1D5 /* Pods_Instagram.framework */ = {isa = PBXFileReference; explicitFileType = wrapper.framework; includeInIndex = 0; path = Pods_Instagram.framework; sourceTree = BUILT_PRODUCTS_DIR; };
		E2296FA090F397F202D0C85E /* Pods-Instagram.release.xcconfig */ = {isa = PBXFileReference; includeInIndex = 1; lastKnownFileType = text.xcconfig; name = "Pods-Instagram.release.xcconfig"; path = "Target Support Files/Pods-Instagram/Pods-Instagram.release.xcconfig"; sourceTree = "<group>"; };
		F28B95C459C05CF57024CBE5 /* Pods_InstagramTests.framework */ = {isa = PBXFileReference; explicitFileType = wrapper.framework; includeInIndex = 0; path = Pods_InstagramTests.framework; sourceTree = BUILT_PRODUCTS_DIR; };
/* End PBXFileReference section */

/* Begin PBXFrameworksBuildPhase section */
		C1C1887422D3F59500A17272 /* Frameworks */ = {
			isa = PBXFrameworksBuildPhase;
			buildActionMask = 2147483647;
			files = (
				B81EAF37D35E91C0A57B002F /* Pods_Instagram.framework in Frameworks */,
			);
			runOnlyForDeploymentPostprocessing = 0;
		};
		C1C1888C22D3F59600A17272 /* Frameworks */ = {
			isa = PBXFrameworksBuildPhase;
			buildActionMask = 2147483647;
			files = (
				1D71796D16A988CA07C167AD /* Pods_InstagramTests.framework in Frameworks */,
			);
			runOnlyForDeploymentPostprocessing = 0;
		};
		C1C1889722D3F59600A17272 /* Frameworks */ = {
			isa = PBXFrameworksBuildPhase;
			buildActionMask = 2147483647;
			files = (
				66A0B839A56BB95C0FCC528E /* Pods_InstagramUITests.framework in Frameworks */,
			);
			runOnlyForDeploymentPostprocessing = 0;
		};
/* End PBXFrameworksBuildPhase section */

/* Begin PBXGroup section */
		557ABA332C245805425CA0A7 /* Pods */ = {
			isa = PBXGroup;
			children = (
				051EF72ED900B01B3D387A44 /* Pods-Instagram.debug.xcconfig */,
				E2296FA090F397F202D0C85E /* Pods-Instagram.release.xcconfig */,
				2F02298BBD9C8953F2965BB8 /* Pods-InstagramTests.debug.xcconfig */,
				0BBE4C255B1AF5EA6309BDD9 /* Pods-InstagramTests.release.xcconfig */,
				8A32FFA57E7BCD117A05DA1B /* Pods-InstagramUITests.debug.xcconfig */,
				744B4A132EFE7B0B6A5B165A /* Pods-InstagramUITests.release.xcconfig */,
			);
			name = Pods;
			path = Pods;
			sourceTree = "<group>";
		};
		B2BE4426CAD5D5AD7947C851 /* Frameworks */ = {
			isa = PBXGroup;
			children = (
				DE3858DF775A47CAEDFDA1D5 /* Pods_Instagram.framework */,
				F28B95C459C05CF57024CBE5 /* Pods_InstagramTests.framework */,
				43DBC3EDEF4705F0F954C8BD /* Pods_InstagramUITests.framework */,
			);
			name = Frameworks;
			sourceTree = "<group>";
		};
		C1C1886E22D3F59500A17272 = {
			isa = PBXGroup;
			children = (
				C1C1887922D3F59500A17272 /* Instagram */,
				C1C1889222D3F59600A17272 /* InstagramTests */,
				C1C1889D22D3F59600A17272 /* InstagramUITests */,
				C1C1887822D3F59500A17272 /* Products */,
				557ABA332C245805425CA0A7 /* Pods */,
				B2BE4426CAD5D5AD7947C851 /* Frameworks */,
			);
			sourceTree = "<group>";
		};
		C1C1887822D3F59500A17272 /* Products */ = {
			isa = PBXGroup;
			children = (
				C1C1887722D3F59500A17272 /* Instagram.app */,
				C1C1888F22D3F59600A17272 /* InstagramTests.xctest */,
				C1C1889A22D3F59600A17272 /* InstagramUITests.xctest */,
			);
			name = Products;
			sourceTree = "<group>";
		};
		C1C1887922D3F59500A17272 /* Instagram */ = {
			isa = PBXGroup;
			children = (
				C1C1887A22D3F59500A17272 /* AppDelegate.h */,
				C1C1887B22D3F59500A17272 /* AppDelegate.m */,
				C1C1887D22D3F59500A17272 /* ViewController.h */,
				C1C1887E22D3F59600A17272 /* ViewController.m */,
				C1C1888022D3F59600A17272 /* Main.storyboard */,
				C1C1888322D3F59600A17272 /* Assets.xcassets */,
				C1C1888522D3F59600A17272 /* LaunchScreen.storyboard */,
				C1C1888822D3F59600A17272 /* Info.plist */,
				C1C1888922D3F59600A17272 /* main.m */,
			);
			path = Instagram;
			sourceTree = "<group>";
		};
		C1C1889222D3F59600A17272 /* InstagramTests */ = {
			isa = PBXGroup;
			children = (
				C1C1889322D3F59600A17272 /* InstagramTests.m */,
				C1C1889522D3F59600A17272 /* Info.plist */,
			);
			path = InstagramTests;
			sourceTree = "<group>";
		};
		C1C1889D22D3F59600A17272 /* InstagramUITests */ = {
			isa = PBXGroup;
			children = (
				C1C1889E22D3F59600A17272 /* InstagramUITests.m */,
				C1C188A022D3F59600A17272 /* Info.plist */,
			);
			path = InstagramUITests;
			sourceTree = "<group>";
		};
/* End PBXGroup section */

/* Begin PBXNativeTarget section */
		C1C1887622D3F59500A17272 /* Instagram */ = {
			isa = PBXNativeTarget;
			buildConfigurationList = C1C188A322D3F59600A17272 /* Build configuration list for PBXNativeTarget "Instagram" */;
			buildPhases = (
				B5642CE217274B2FF05BF2CA /* [CP] Check Pods Manifest.lock */,
				C1C1887322D3F59500A17272 /* Sources */,
				C1C1887422D3F59500A17272 /* Frameworks */,
				C1C1887522D3F59500A17272 /* Resources */,
				4F17DD5F8BFE670FD89D110D /* [CP] Embed Pods Frameworks */,
			);
			buildRules = (
			);
			dependencies = (
			);
			name = Instagram;
			productName = Instagram;
			productReference = C1C1887722D3F59500A17272 /* Instagram.app */;
			productType = "com.apple.product-type.application";
		};
		C1C1888E22D3F59600A17272 /* InstagramTests */ = {
			isa = PBXNativeTarget;
			buildConfigurationList = C1C188A622D3F59600A17272 /* Build configuration list for PBXNativeTarget "InstagramTests" */;
			buildPhases = (
				ADE0849495B24CD876086649 /* [CP] Check Pods Manifest.lock */,
				C1C1888B22D3F59600A17272 /* Sources */,
				C1C1888C22D3F59600A17272 /* Frameworks */,
				C1C1888D22D3F59600A17272 /* Resources */,
			);
			buildRules = (
			);
			dependencies = (
				C1C1889122D3F59600A17272 /* PBXTargetDependency */,
			);
			name = InstagramTests;
			productName = InstagramTests;
			productReference = C1C1888F22D3F59600A17272 /* InstagramTests.xctest */;
			productType = "com.apple.product-type.bundle.unit-test";
		};
		C1C1889922D3F59600A17272 /* InstagramUITests */ = {
			isa = PBXNativeTarget;
			buildConfigurationList = C1C188A922D3F59600A17272 /* Build configuration list for PBXNativeTarget "InstagramUITests" */;
			buildPhases = (
				56999FEE3C641690409A6C26 /* [CP] Check Pods Manifest.lock */,
				C1C1889622D3F59600A17272 /* Sources */,
				C1C1889722D3F59600A17272 /* Frameworks */,
				C1C1889822D3F59600A17272 /* Resources */,
			);
			buildRules = (
			);
			dependencies = (
				C1C1889C22D3F59600A17272 /* PBXTargetDependency */,
			);
			name = InstagramUITests;
			productName = InstagramUITests;
			productReference = C1C1889A22D3F59600A17272 /* InstagramUITests.xctest */;
			productType = "com.apple.product-type.bundle.ui-testing";
		};
/* End PBXNativeTarget section */

/* Begin PBXProject section */
		C1C1886F22D3F59500A17272 /* Project object */ = {
			isa = PBXProject;
			attributes = {
				LastUpgradeCheck = 1020;
				ORGANIZATIONNAME = mariobaxter;
				TargetAttributes = {
					C1C1887622D3F59500A17272 = {
						CreatedOnToolsVersion = 10.2.1;
					};
					C1C1888E22D3F59600A17272 = {
						CreatedOnToolsVersion = 10.2.1;
						TestTargetID = C1C1887622D3F59500A17272;
					};
					C1C1889922D3F59600A17272 = {
						CreatedOnToolsVersion = 10.2.1;
						TestTargetID = C1C1887622D3F59500A17272;
					};
				};
			};
			buildConfigurationList = C1C1887222D3F59500A17272 /* Build configuration list for PBXProject "Instagram" */;
			compatibilityVersion = "Xcode 9.3";
			developmentRegion = en;
			hasScannedForEncodings = 0;
			knownRegions = (
				en,
				Base,
			);
			mainGroup = C1C1886E22D3F59500A17272;
			productRefGroup = C1C1887822D3F59500A17272 /* Products */;
			projectDirPath = "";
			projectRoot = "";
			targets = (
				C1C1887622D3F59500A17272 /* Instagram */,
				C1C1888E22D3F59600A17272 /* InstagramTests */,
				C1C1889922D3F59600A17272 /* InstagramUITests */,
			);
		};
/* End PBXProject section */

/* Begin PBXResourcesBuildPhase section */
		C1C1887522D3F59500A17272 /* Resources */ = {
			isa = PBXResourcesBuildPhase;
			buildActionMask = 2147483647;
			files = (
				C1C1888722D3F59600A17272 /* LaunchScreen.storyboard in Resources */,
				C1C1888422D3F59600A17272 /* Assets.xcassets in Resources */,
				C1C1888222D3F59600A17272 /* Main.storyboard in Resources */,
			);
			runOnlyForDeploymentPostprocessing = 0;
		};
		C1C1888D22D3F59600A17272 /* Resources */ = {
			isa = PBXResourcesBuildPhase;
			buildActionMask = 2147483647;
			files = (
			);
			runOnlyForDeploymentPostprocessing = 0;
		};
		C1C1889822D3F59600A17272 /* Resources */ = {
			isa = PBXResourcesBuildPhase;
			buildActionMask = 2147483647;
			files = (
			);
			runOnlyForDeploymentPostprocessing = 0;
		};
/* End PBXResourcesBuildPhase section */

/* Begin PBXShellScriptBuildPhase section */
		4F17DD5F8BFE670FD89D110D /* [CP] Embed Pods Frameworks */ = {
			isa = PBXShellScriptBuildPhase;
			buildActionMask = 2147483647;
			files = (
			);
			inputFileListPaths = (
				"${PODS_ROOT}/Target Support Files/Pods-Instagram/Pods-Instagram-frameworks-${CONFIGURATION}-input-files.xcfilelist",
			);
			name = "[CP] Embed Pods Frameworks";
			outputFileListPaths = (
				"${PODS_ROOT}/Target Support Files/Pods-Instagram/Pods-Instagram-frameworks-${CONFIGURATION}-output-files.xcfilelist",
			);
			runOnlyForDeploymentPostprocessing = 0;
			shellPath = /bin/sh;
			shellScript = "\"${PODS_ROOT}/Target Support Files/Pods-Instagram/Pods-Instagram-frameworks.sh\"\n";
			showEnvVarsInLog = 0;
		};
		56999FEE3C641690409A6C26 /* [CP] Check Pods Manifest.lock */ = {
			isa = PBXShellScriptBuildPhase;
			buildActionMask = 2147483647;
			files = (
			);
			inputFileListPaths = (
			);
			inputPaths = (
				"${PODS_PODFILE_DIR_PATH}/Podfile.lock",
				"${PODS_ROOT}/Manifest.lock",
			);
			name = "[CP] Check Pods Manifest.lock";
			outputFileListPaths = (
			);
			outputPaths = (
				"$(DERIVED_FILE_DIR)/Pods-InstagramUITests-checkManifestLockResult.txt",
			);
			runOnlyForDeploymentPostprocessing = 0;
			shellPath = /bin/sh;
			shellScript = "diff \"${PODS_PODFILE_DIR_PATH}/Podfile.lock\" \"${PODS_ROOT}/Manifest.lock\" > /dev/null\nif [ $? != 0 ] ; then\n    # print error to STDERR\n    echo \"error: The sandbox is not in sync with the Podfile.lock. Run 'pod install' or update your CocoaPods installation.\" >&2\n    exit 1\nfi\n# This output is used by Xcode 'outputs' to avoid re-running this script phase.\necho \"SUCCESS\" > \"${SCRIPT_OUTPUT_FILE_0}\"\n";
			showEnvVarsInLog = 0;
		};
		ADE0849495B24CD876086649 /* [CP] Check Pods Manifest.lock */ = {
			isa = PBXShellScriptBuildPhase;
			buildActionMask = 2147483647;
			files = (
			);
			inputFileListPaths = (
			);
			inputPaths = (
				"${PODS_PODFILE_DIR_PATH}/Podfile.lock",
				"${PODS_ROOT}/Manifest.lock",
			);
			name = "[CP] Check Pods Manifest.lock";
			outputFileListPaths = (
			);
			outputPaths = (
				"$(DERIVED_FILE_DIR)/Pods-InstagramTests-checkManifestLockResult.txt",
			);
			runOnlyForDeploymentPostprocessing = 0;
			shellPath = /bin/sh;
			shellScript = "diff \"${PODS_PODFILE_DIR_PATH}/Podfile.lock\" \"${PODS_ROOT}/Manifest.lock\" > /dev/null\nif [ $? != 0 ] ; then\n    # print error to STDERR\n    echo \"error: The sandbox is not in sync with the Podfile.lock. Run 'pod install' or update your CocoaPods installation.\" >&2\n    exit 1\nfi\n# This output is used by Xcode 'outputs' to avoid re-running this script phase.\necho \"SUCCESS\" > \"${SCRIPT_OUTPUT_FILE_0}\"\n";
			showEnvVarsInLog = 0;
		};
		B5642CE217274B2FF05BF2CA /* [CP] Check Pods Manifest.lock */ = {
			isa = PBXShellScriptBuildPhase;
			buildActionMask = 2147483647;
			files = (
			);
			inputFileListPaths = (
			);
			inputPaths = (
				"${PODS_PODFILE_DIR_PATH}/Podfile.lock",
				"${PODS_ROOT}/Manifest.lock",
			);
			name = "[CP] Check Pods Manifest.lock";
			outputFileListPaths = (
			);
			outputPaths = (
				"$(DERIVED_FILE_DIR)/Pods-Instagram-checkManifestLockResult.txt",
			);
			runOnlyForDeploymentPostprocessing = 0;
			shellPath = /bin/sh;
			shellScript = "diff \"${PODS_PODFILE_DIR_PATH}/Podfile.lock\" \"${PODS_ROOT}/Manifest.lock\" > /dev/null\nif [ $? != 0 ] ; then\n    # print error to STDERR\n    echo \"error: The sandbox is not in sync with the Podfile.lock. Run 'pod install' or update your CocoaPods installation.\" >&2\n    exit 1\nfi\n# This output is used by Xcode 'outputs' to avoid re-running this script phase.\necho \"SUCCESS\" > \"${SCRIPT_OUTPUT_FILE_0}\"\n";
			showEnvVarsInLog = 0;
		};
/* End PBXShellScriptBuildPhase section */

/* Begin PBXSourcesBuildPhase section */
		C1C1887322D3F59500A17272 /* Sources */ = {
			isa = PBXSourcesBuildPhase;
			buildActionMask = 2147483647;
			files = (
				C1C1887F22D3F59600A17272 /* ViewController.m in Sources */,
				C1C1888A22D3F59600A17272 /* main.m in Sources */,
				C1C1887C22D3F59500A17272 /* AppDelegate.m in Sources */,
			);
			runOnlyForDeploymentPostprocessing = 0;
		};
		C1C1888B22D3F59600A17272 /* Sources */ = {
			isa = PBXSourcesBuildPhase;
			buildActionMask = 2147483647;
			files = (
				C1C1889422D3F59600A17272 /* InstagramTests.m in Sources */,
			);
			runOnlyForDeploymentPostprocessing = 0;
		};
		C1C1889622D3F59600A17272 /* Sources */ = {
			isa = PBXSourcesBuildPhase;
			buildActionMask = 2147483647;
			files = (
				C1C1889F22D3F59600A17272 /* InstagramUITests.m in Sources */,
			);
			runOnlyForDeploymentPostprocessing = 0;
		};
/* End PBXSourcesBuildPhase section */

/* Begin PBXTargetDependency section */
		C1C1889122D3F59600A17272 /* PBXTargetDependency */ = {
			isa = PBXTargetDependency;
			target = C1C1887622D3F59500A17272 /* Instagram */;
			targetProxy = C1C1889022D3F59600A17272 /* PBXContainerItemProxy */;
		};
		C1C1889C22D3F59600A17272 /* PBXTargetDependency */ = {
			isa = PBXTargetDependency;
			target = C1C1887622D3F59500A17272 /* Instagram */;
			targetProxy = C1C1889B22D3F59600A17272 /* PBXContainerItemProxy */;
		};
/* End PBXTargetDependency section */

/* Begin PBXVariantGroup section */
		C1C1888022D3F59600A17272 /* Main.storyboard */ = {
			isa = PBXVariantGroup;
			children = (
				C1C1888122D3F59600A17272 /* Base */,
			);
			name = Main.storyboard;
			sourceTree = "<group>";
		};
		C1C1888522D3F59600A17272 /* LaunchScreen.storyboard */ = {
			isa = PBXVariantGroup;
			children = (
				C1C1888622D3F59600A17272 /* Base */,
			);
			name = LaunchScreen.storyboard;
			sourceTree = "<group>";
		};
/* End PBXVariantGroup section */

/* Begin XCBuildConfiguration section */
		C1C188A122D3F59600A17272 /* Debug */ = {
			isa = XCBuildConfiguration;
			buildSettings = {
				ALWAYS_SEARCH_USER_PATHS = NO;
				CLANG_ANALYZER_NONNULL = YES;
				CLANG_ANALYZER_NUMBER_OBJECT_CONVERSION = YES_AGGRESSIVE;
				CLANG_CXX_LANGUAGE_STANDARD = "gnu++14";
				CLANG_CXX_LIBRARY = "libc++";
				CLANG_ENABLE_MODULES = YES;
				CLANG_ENABLE_OBJC_ARC = YES;
				CLANG_ENABLE_OBJC_WEAK = YES;
				CLANG_WARN_BLOCK_CAPTURE_AUTORELEASING = YES;
				CLANG_WARN_BOOL_CONVERSION = YES;
				CLANG_WARN_COMMA = YES;
				CLANG_WARN_CONSTANT_CONVERSION = YES;
				CLANG_WARN_DEPRECATED_OBJC_IMPLEMENTATIONS = YES;
				CLANG_WARN_DIRECT_OBJC_ISA_USAGE = YES_ERROR;
				CLANG_WARN_DOCUMENTATION_COMMENTS = YES;
				CLANG_WARN_EMPTY_BODY = YES;
				CLANG_WARN_ENUM_CONVERSION = YES;
				CLANG_WARN_INFINITE_RECURSION = YES;
				CLANG_WARN_INT_CONVERSION = YES;
				CLANG_WARN_NON_LITERAL_NULL_CONVERSION = YES;
				CLANG_WARN_OBJC_IMPLICIT_RETAIN_SELF = YES;
				CLANG_WARN_OBJC_LITERAL_CONVERSION = YES;
				CLANG_WARN_OBJC_ROOT_CLASS = YES_ERROR;
				CLANG_WARN_RANGE_LOOP_ANALYSIS = YES;
				CLANG_WARN_STRICT_PROTOTYPES = YES;
				CLANG_WARN_SUSPICIOUS_MOVE = YES;
				CLANG_WARN_UNGUARDED_AVAILABILITY = YES_AGGRESSIVE;
				CLANG_WARN_UNREACHABLE_CODE = YES;
				CLANG_WARN__DUPLICATE_METHOD_MATCH = YES;
				CODE_SIGN_IDENTITY = "iPhone Developer";
				COPY_PHASE_STRIP = NO;
				DEBUG_INFORMATION_FORMAT = dwarf;
				ENABLE_STRICT_OBJC_MSGSEND = YES;
				ENABLE_TESTABILITY = YES;
				GCC_C_LANGUAGE_STANDARD = gnu11;
				GCC_DYNAMIC_NO_PIC = NO;
				GCC_NO_COMMON_BLOCKS = YES;
				GCC_OPTIMIZATION_LEVEL = 0;
				GCC_PREPROCESSOR_DEFINITIONS = (
					"DEBUG=1",
					"$(inherited)",
				);
				GCC_WARN_64_TO_32_BIT_CONVERSION = YES;
				GCC_WARN_ABOUT_RETURN_TYPE = YES_ERROR;
				GCC_WARN_UNDECLARED_SELECTOR = YES;
				GCC_WARN_UNINITIALIZED_AUTOS = YES_AGGRESSIVE;
				GCC_WARN_UNUSED_FUNCTION = YES;
				GCC_WARN_UNUSED_VARIABLE = YES;
				IPHONEOS_DEPLOYMENT_TARGET = 12.2;
				MTL_ENABLE_DEBUG_INFO = INCLUDE_SOURCE;
				MTL_FAST_MATH = YES;
				ONLY_ACTIVE_ARCH = YES;
				SDKROOT = iphoneos;
			};
			name = Debug;
		};
		C1C188A222D3F59600A17272 /* Release */ = {
			isa = XCBuildConfiguration;
			buildSettings = {
				ALWAYS_SEARCH_USER_PATHS = NO;
				CLANG_ANALYZER_NONNULL = YES;
				CLANG_ANALYZER_NUMBER_OBJECT_CONVERSION = YES_AGGRESSIVE;
				CLANG_CXX_LANGUAGE_STANDARD = "gnu++14";
				CLANG_CXX_LIBRARY = "libc++";
				CLANG_ENABLE_MODULES = YES;
				CLANG_ENABLE_OBJC_ARC = YES;
				CLANG_ENABLE_OBJC_WEAK = YES;
				CLANG_WARN_BLOCK_CAPTURE_AUTORELEASING = YES;
				CLANG_WARN_BOOL_CONVERSION = YES;
				CLANG_WARN_COMMA = YES;
				CLANG_WARN_CONSTANT_CONVERSION = YES;
				CLANG_WARN_DEPRECATED_OBJC_IMPLEMENTATIONS = YES;
				CLANG_WARN_DIRECT_OBJC_ISA_USAGE = YES_ERROR;
				CLANG_WARN_DOCUMENTATION_COMMENTS = YES;
				CLANG_WARN_EMPTY_BODY = YES;
				CLANG_WARN_ENUM_CONVERSION = YES;
				CLANG_WARN_INFINITE_RECURSION = YES;
				CLANG_WARN_INT_CONVERSION = YES;
				CLANG_WARN_NON_LITERAL_NULL_CONVERSION = YES;
				CLANG_WARN_OBJC_IMPLICIT_RETAIN_SELF = YES;
				CLANG_WARN_OBJC_LITERAL_CONVERSION = YES;
				CLANG_WARN_OBJC_ROOT_CLASS = YES_ERROR;
				CLANG_WARN_RANGE_LOOP_ANALYSIS = YES;
				CLANG_WARN_STRICT_PROTOTYPES = YES;
				CLANG_WARN_SUSPICIOUS_MOVE = YES;
				CLANG_WARN_UNGUARDED_AVAILABILITY = YES_AGGRESSIVE;
				CLANG_WARN_UNREACHABLE_CODE = YES;
				CLANG_WARN__DUPLICATE_METHOD_MATCH = YES;
				CODE_SIGN_IDENTITY = "iPhone Developer";
				COPY_PHASE_STRIP = NO;
				DEBUG_INFORMATION_FORMAT = "dwarf-with-dsym";
				ENABLE_NS_ASSERTIONS = NO;
				ENABLE_STRICT_OBJC_MSGSEND = YES;
				GCC_C_LANGUAGE_STANDARD = gnu11;
				GCC_NO_COMMON_BLOCKS = YES;
				GCC_WARN_64_TO_32_BIT_CONVERSION = YES;
				GCC_WARN_ABOUT_RETURN_TYPE = YES_ERROR;
				GCC_WARN_UNDECLARED_SELECTOR = YES;
				GCC_WARN_UNINITIALIZED_AUTOS = YES_AGGRESSIVE;
				GCC_WARN_UNUSED_FUNCTION = YES;
				GCC_WARN_UNUSED_VARIABLE = YES;
				IPHONEOS_DEPLOYMENT_TARGET = 12.2;
				MTL_ENABLE_DEBUG_INFO = NO;
				MTL_FAST_MATH = YES;
				SDKROOT = iphoneos;
				VALIDATE_PRODUCT = YES;
			};
			name = Release;
		};
		C1C188A422D3F59600A17272 /* Debug */ = {
			isa = XCBuildConfiguration;
			baseConfigurationReference = 051EF72ED900B01B3D387A44 /* Pods-Instagram.debug.xcconfig */;
			buildSettings = {
				ASSETCATALOG_COMPILER_APPICON_NAME = AppIcon;
				CODE_SIGN_STYLE = Automatic;
				DEVELOPMENT_TEAM = YKMZ8SL848;
				INFOPLIST_FILE = Instagram/Info.plist;
				LD_RUNPATH_SEARCH_PATHS = (
					"$(inherited)",
					"@executable_path/Frameworks",
				);
				PRODUCT_BUNDLE_IDENTIFIER = com.mariobaxter.Instagram;
				PRODUCT_NAME = "$(TARGET_NAME)";
				TARGETED_DEVICE_FAMILY = "1,2";
			};
			name = Debug;
		};
		C1C188A522D3F59600A17272 /* Release */ = {
			isa = XCBuildConfiguration;
			baseConfigurationReference = E2296FA090F397F202D0C85E /* Pods-Instagram.release.xcconfig */;
			buildSettings = {
				ASSETCATALOG_COMPILER_APPICON_NAME = AppIcon;
				CODE_SIGN_STYLE = Automatic;
				DEVELOPMENT_TEAM = YKMZ8SL848;
				INFOPLIST_FILE = Instagram/Info.plist;
				LD_RUNPATH_SEARCH_PATHS = (
					"$(inherited)",
					"@executable_path/Frameworks",
				);
				PRODUCT_BUNDLE_IDENTIFIER = com.mariobaxter.Instagram;
				PRODUCT_NAME = "$(TARGET_NAME)";
				TARGETED_DEVICE_FAMILY = "1,2";
			};
			name = Release;
		};
		C1C188A722D3F59600A17272 /* Debug */ = {
			isa = XCBuildConfiguration;
			baseConfigurationReference = 2F02298BBD9C8953F2965BB8 /* Pods-InstagramTests.debug.xcconfig */;
			buildSettings = {
				BUNDLE_LOADER = "$(TEST_HOST)";
				CODE_SIGN_STYLE = Automatic;
				DEVELOPMENT_TEAM = YKMZ8SL848;
				INFOPLIST_FILE = InstagramTests/Info.plist;
				LD_RUNPATH_SEARCH_PATHS = (
					"$(inherited)",
					"@executable_path/Frameworks",
					"@loader_path/Frameworks",
				);
				PRODUCT_BUNDLE_IDENTIFIER = com.mariobaxter.InstagramTests;
				PRODUCT_NAME = "$(TARGET_NAME)";
				TARGETED_DEVICE_FAMILY = "1,2";
				TEST_HOST = "$(BUILT_PRODUCTS_DIR)/Instagram.app/Instagram";
			};
			name = Debug;
		};
		C1C188A822D3F59600A17272 /* Release */ = {
			isa = XCBuildConfiguration;
			baseConfigurationReference = 0BBE4C255B1AF5EA6309BDD9 /* Pods-InstagramTests.release.xcconfig */;
			buildSettings = {
				BUNDLE_LOADER = "$(TEST_HOST)";
				CODE_SIGN_STYLE = Automatic;
				DEVELOPMENT_TEAM = YKMZ8SL848;
				INFOPLIST_FILE = InstagramTests/Info.plist;
				LD_RUNPATH_SEARCH_PATHS = (
					"$(inherited)",
					"@executable_path/Frameworks",
					"@loader_path/Frameworks",
				);
				PRODUCT_BUNDLE_IDENTIFIER = com.mariobaxter.InstagramTests;
				PRODUCT_NAME = "$(TARGET_NAME)";
				TARGETED_DEVICE_FAMILY = "1,2";
				TEST_HOST = "$(BUILT_PRODUCTS_DIR)/Instagram.app/Instagram";
			};
			name = Release;
		};
		C1C188AA22D3F59600A17272 /* Debug */ = {
			isa = XCBuildConfiguration;
			baseConfigurationReference = 8A32FFA57E7BCD117A05DA1B /* Pods-InstagramUITests.debug.xcconfig */;
			buildSettings = {
				CODE_SIGN_STYLE = Automatic;
				DEVELOPMENT_TEAM = YKMZ8SL848;
				INFOPLIST_FILE = InstagramUITests/Info.plist;
				LD_RUNPATH_SEARCH_PATHS = (
					"$(inherited)",
					"@executable_path/Frameworks",
					"@loader_path/Frameworks",
				);
				PRODUCT_BUNDLE_IDENTIFIER = com.mariobaxter.InstagramUITests;
				PRODUCT_NAME = "$(TARGET_NAME)";
				TARGETED_DEVICE_FAMILY = "1,2";
				TEST_TARGET_NAME = Instagram;
			};
			name = Debug;
		};
		C1C188AB22D3F59600A17272 /* Release */ = {
			isa = XCBuildConfiguration;
			baseConfigurationReference = 744B4A132EFE7B0B6A5B165A /* Pods-InstagramUITests.release.xcconfig */;
			buildSettings = {
				CODE_SIGN_STYLE = Automatic;
				DEVELOPMENT_TEAM = YKMZ8SL848;
				INFOPLIST_FILE = InstagramUITests/Info.plist;
				LD_RUNPATH_SEARCH_PATHS = (
					"$(inherited)",
					"@executable_path/Frameworks",
					"@loader_path/Frameworks",
				);
				PRODUCT_BUNDLE_IDENTIFIER = com.mariobaxter.InstagramUITests;
				PRODUCT_NAME = "$(TARGET_NAME)";
				TARGETED_DEVICE_FAMILY = "1,2";
				TEST_TARGET_NAME = Instagram;
			};
			name = Release;
		};
/* End XCBuildConfiguration section */

/* Begin XCConfigurationList section */
		C1C1887222D3F59500A17272 /* Build configuration list for PBXProject "Instagram" */ = {
			isa = XCConfigurationList;
			buildConfigurations = (
				C1C188A122D3F59600A17272 /* Debug */,
				C1C188A222D3F59600A17272 /* Release */,
			);
			defaultConfigurationIsVisible = 0;
			defaultConfigurationName = Release;
		};
		C1C188A322D3F59600A17272 /* Build configuration list for PBXNativeTarget "Instagram" */ = {
			isa = XCConfigurationList;
			buildConfigurations = (
				C1C188A422D3F59600A17272 /* Debug */,
				C1C188A522D3F59600A17272 /* Release */,
			);
			defaultConfigurationIsVisible = 0;
			defaultConfigurationName = Release;
		};
		C1C188A622D3F59600A17272 /* Build configuration list for PBXNativeTarget "InstagramTests" */ = {
			isa = XCConfigurationList;
			buildConfigurations = (
				C1C188A722D3F59600A17272 /* Debug */,
				C1C188A822D3F59600A17272 /* Release */,
			);
			defaultConfigurationIsVisible = 0;
			defaultConfigurationName = Release;
		};
		C1C188A922D3F59600A17272 /* Build configuration list for PBXNativeTarget "InstagramUITests" */ = {
			isa = XCConfigurationList;
			buildConfigurations = (
				C1C188AA22D3F59600A17272 /* Debug */,
				C1C188AB22D3F59600A17272 /* Release */,
			);
			defaultConfigurationIsVisible = 0;
			defaultConfigurationName = Release;
		};
/* End XCConfigurationList section */
	};
	rootObject = C1C1886F22D3F59500A17272 /* Project object */;
}
